// !$*UTF8*$!
{
	archiveVersion = 1;
	classes = {
	};
	objectVersion = 55;
	objects = {

/* Begin PBXBuildFile section */
		CE05B117282F6966007AC708 /* WordControlPanel.swift in Sources */ = {isa = PBXBuildFile; fileRef = CE05B116282F6966007AC708 /* WordControlPanel.swift */; };
		CE05B119282F8755007AC708 /* WordSpeakerView.swift in Sources */ = {isa = PBXBuildFile; fileRef = CE05B118282F8755007AC708 /* WordSpeakerView.swift */; };
		CE05B11B282F9ABB007AC708 /* ViewExt.swift in Sources */ = {isa = PBXBuildFile; fileRef = CE05B11A282F9ABB007AC708 /* ViewExt.swift */; };
		CE05B11D282F9D45007AC708 /* ToggleLearningWordButton.swift in Sources */ = {isa = PBXBuildFile; fileRef = CE05B11C282F9D45007AC708 /* ToggleLearningWordButton.swift */; };
		CE05B11F282F9D5D007AC708 /* ToggleLearnedWordButton.swift in Sources */ = {isa = PBXBuildFile; fileRef = CE05B11E282F9D5D007AC708 /* ToggleLearnedWordButton.swift */; };
		CE13BD48283A384700F404B7 /* LocalNotificationManager.swift in Sources */ = {isa = PBXBuildFile; fileRef = CE13BD47283A384700F404B7 /* LocalNotificationManager.swift */; };
		CE239A81283363300094F624 /* CoreXLSX in Frameworks */ = {isa = PBXBuildFile; productRef = CE239A80283363300094F624 /* CoreXLSX */; };
		CE239A84283363B30094F624 /* ExcelParser.swift in Sources */ = {isa = PBXBuildFile; fileRef = CE239A83283363B30094F624 /* ExcelParser.swift */; };
		CE239A86283378790094F624 /* ColorExt.swift in Sources */ = {isa = PBXBuildFile; fileRef = CE239A85283378790094F624 /* ColorExt.swift */; };
		CE2E847E282E5ED700E8D43A /* Language.swift in Sources */ = {isa = PBXBuildFile; fileRef = CE2E847D282E5ED700E8D43A /* Language.swift */; };
		CE42D93D284F8C0900F5F751 /* AnimatableModifierCGFloat.swift in Sources */ = {isa = PBXBuildFile; fileRef = CE42D93C284F8C0900F5F751 /* AnimatableModifierCGFloat.swift */; };
		CE6D106728226370004B2769 /* ViewExtractor in Frameworks */ = {isa = PBXBuildFile; productRef = CE6D106628226370004B2769 /* ViewExtractor */; };
		CE6D1069282263F8004B2769 /* DividedVStack.swift in Sources */ = {isa = PBXBuildFile; fileRef = CE6D1068282263F8004B2769 /* DividedVStack.swift */; };
		CE7066032822F40A00ACE3A5 /* ToggleCircleImage.swift in Sources */ = {isa = PBXBuildFile; fileRef = CE7066022822F40A00ACE3A5 /* ToggleCircleImage.swift */; };
		CE7066052822FB8300ACE3A5 /* ColorfulBadge.swift in Sources */ = {isa = PBXBuildFile; fileRef = CE7066042822FB8300ACE3A5 /* ColorfulBadge.swift */; };
		CE7546882821028F0066917D /* RoundedRectangleButtonStyle.swift in Sources */ = {isa = PBXBuildFile; fileRef = CE7546872821028F0066917D /* RoundedRectangleButtonStyle.swift */; };
		CE75468A2821047E0066917D /* WordCard.swift in Sources */ = {isa = PBXBuildFile; fileRef = CE7546892821047E0066917D /* WordCard.swift */; };
		CE75D7862826B7EF00A6C2BD /* StringExt.swift in Sources */ = {isa = PBXBuildFile; fileRef = CE75D7852826B7EF00A6C2BD /* StringExt.swift */; };
		CE7C5F8D28437E5E000EC36D /* EditModeExt.swift in Sources */ = {isa = PBXBuildFile; fileRef = CE7C5F8C28437E5E000EC36D /* EditModeExt.swift */; };
		CE7EB1FE2830EE1F0017C824 /* WordPairStore.swift in Sources */ = {isa = PBXBuildFile; fileRef = CE7EB1FD2830EE1F0017C824 /* WordPairStore.swift */; };
		CE801BDD2844C6B600935EFB /* CloseNavigationButton.swift in Sources */ = {isa = PBXBuildFile; fileRef = CE801BDC2844C6B600935EFB /* CloseNavigationButton.swift */; };
		CE87C079282C1F2D00B43572 /* BindingExt.swift in Sources */ = {isa = PBXBuildFile; fileRef = CE87C078282C1F2D00B43572 /* BindingExt.swift */; };
		CE96E8EE282A66F900126B37 /* SynonymsApi.swift in Sources */ = {isa = PBXBuildFile; fileRef = CE96E8ED282A66F900126B37 /* SynonymsApi.swift */; };
		CE96E8F0282A670700126B37 /* ExamplesApi.swift in Sources */ = {isa = PBXBuildFile; fileRef = CE96E8EF282A670700126B37 /* ExamplesApi.swift */; };
		CE96E8F2282A67D000126B37 /* HtmlRequestError.swift in Sources */ = {isa = PBXBuildFile; fileRef = CE96E8F1282A67D000126B37 /* HtmlRequestError.swift */; };
		CE96E8F4282A6BE600126B37 /* Word.swift in Sources */ = {isa = PBXBuildFile; fileRef = CE96E8F3282A6BE600126B37 /* Word.swift */; };
		CE96E8F6282A862500126B37 /* URLSessionExt.swift in Sources */ = {isa = PBXBuildFile; fileRef = CE96E8F5282A862500126B37 /* URLSessionExt.swift */; };
		CE96E8F9282A8B0000126B37 /* UrlError.swift in Sources */ = {isa = PBXBuildFile; fileRef = CE96E8F8282A8B0000126B37 /* UrlError.swift */; };
		CEAAEBA7282168F700FFA3B9 /* RepeatCard.swift in Sources */ = {isa = PBXBuildFile; fileRef = CEAAEBA6282168F700FFA3B9 /* RepeatCard.swift */; };
		CEAAEBA928216DF300FFA3B9 /* VerticalLabelStyle.swift in Sources */ = {isa = PBXBuildFile; fileRef = CEAAEBA828216DF300FFA3B9 /* VerticalLabelStyle.swift */; };
		CEAAEBAD28219DBA00FFA3B9 /* WordInfoView.swift in Sources */ = {isa = PBXBuildFile; fileRef = CEAAEBAC28219DBA00FFA3B9 /* WordInfoView.swift */; };
		CEAAEBAF2821A3AA00FFA3B9 /* RepeatingFinish.swift in Sources */ = {isa = PBXBuildFile; fileRef = CEAAEBAE2821A3AA00FFA3B9 /* RepeatingFinish.swift */; };
		CEAAEBB12821A48E00FFA3B9 /* TestSettingsTab.swift in Sources */ = {isa = PBXBuildFile; fileRef = CEAAEBB02821A48E00FFA3B9 /* TestSettingsTab.swift */; };
		CEAAEBB32821A55B00FFA3B9 /* KeyValueView.swift in Sources */ = {isa = PBXBuildFile; fileRef = CEAAEBB22821A55B00FFA3B9 /* KeyValueView.swift */; };
		CEAAEBB62821A94100FFA3B9 /* SettingsTab.swift in Sources */ = {isa = PBXBuildFile; fileRef = CEAAEBB52821A94100FFA3B9 /* SettingsTab.swift */; };
		CEB3E79F2825A17700D6B686 /* UrlExt.swift in Sources */ = {isa = PBXBuildFile; fileRef = CEB3E79E2825A17700D6B686 /* UrlExt.swift */; };
		CEB3E7A32825A48900D6B686 /* ArrayExt.swift in Sources */ = {isa = PBXBuildFile; fileRef = CEB3E7A22825A48900D6B686 /* ArrayExt.swift */; };
		CEBBED942838026500812DFC /* DictionaryTabModel.swift in Sources */ = {isa = PBXBuildFile; fileRef = CEBBED932838026500812DFC /* DictionaryTabModel.swift */; };
		CEC2CC0D282132D800824926 /* WrappingHStack in Frameworks */ = {isa = PBXBuildFile; productRef = CEC2CC0C282132D800824926 /* WrappingHStack */; };
		CEE90828281FB4CA00E4EC8B /* EnglishAppApp.swift in Sources */ = {isa = PBXBuildFile; fileRef = CEE90827281FB4CA00E4EC8B /* EnglishAppApp.swift */; };
		CEE9082A281FB4CA00E4EC8B /* ContentView.swift in Sources */ = {isa = PBXBuildFile; fileRef = CEE90829281FB4CA00E4EC8B /* ContentView.swift */; };
		CEE9082C281FB4CF00E4EC8B /* Assets.xcassets in Resources */ = {isa = PBXBuildFile; fileRef = CEE9082B281FB4CF00E4EC8B /* Assets.xcassets */; };
		CEE9082F281FB4CF00E4EC8B /* Preview Assets.xcassets in Resources */ = {isa = PBXBuildFile; fileRef = CEE9082E281FB4CF00E4EC8B /* Preview Assets.xcassets */; };
		CEE90838281FB65600E4EC8B /* Theme.swift in Sources */ = {isa = PBXBuildFile; fileRef = CEE90837281FB65600E4EC8B /* Theme.swift */; };
		CEE9083C281FB6A900E4EC8B /* Tab.swift in Sources */ = {isa = PBXBuildFile; fileRef = CEE9083B281FB6A900E4EC8B /* Tab.swift */; };
		CEE90840281FB89900E4EC8B /* DictionaryTab.swift in Sources */ = {isa = PBXBuildFile; fileRef = CEE9083F281FB89900E4EC8B /* DictionaryTab.swift */; };
		CEE90843281FED7600E4EC8B /* LearningCategory.swift in Sources */ = {isa = PBXBuildFile; fileRef = CEE90842281FED7600E4EC8B /* LearningCategory.swift */; };
		CEE90848281FFC3800E4EC8B /* LearningTab.swift in Sources */ = {isa = PBXBuildFile; fileRef = CEE90847281FFC3800E4EC8B /* LearningTab.swift */; };
		CEE9084A281FFC4300E4EC8B /* LearnedTab.swift in Sources */ = {isa = PBXBuildFile; fileRef = CEE90849281FFC4300E4EC8B /* LearnedTab.swift */; };
		CEE9084C281FFD3900E4EC8B /* SettingsButtonView.swift in Sources */ = {isa = PBXBuildFile; fileRef = CEE9084B281FFD3900E4EC8B /* SettingsButtonView.swift */; };
		CEE9084E2820017600E4EC8B /* WordPair.swift in Sources */ = {isa = PBXBuildFile; fileRef = CEE9084D2820017600E4EC8B /* WordPair.swift */; };
		CEEFFDA02843E33F0025B3E4 /* TestView.swift in Sources */ = {isa = PBXBuildFile; fileRef = CEEFFD9F2843E33F0025B3E4 /* TestView.swift */; };
		CEEFFDA42843E3790025B3E4 /* TestModel.swift in Sources */ = {isa = PBXBuildFile; fileRef = CEEFFDA32843E3790025B3E4 /* TestModel.swift */; };
		CEF31926282BE1BF00C8287C /* ExampleListView.swift in Sources */ = {isa = PBXBuildFile; fileRef = CEF31925282BE1BF00C8287C /* ExampleListView.swift */; };
		CEF31928282BE1E200C8287C /* SynonymListView.swift in Sources */ = {isa = PBXBuildFile; fileRef = CEF31927282BE1E200C8287C /* SynonymListView.swift */; };
		CEFC7A7F28229F1F0054DD9A /* CategoryWordsTab.swift in Sources */ = {isa = PBXBuildFile; fileRef = CEFC7A7E28229F1F0054DD9A /* CategoryWordsTab.swift */; };
		CEFC7A812822A1BE0054DD9A /* WordPairRow.swift in Sources */ = {isa = PBXBuildFile; fileRef = CEFC7A802822A1BE0054DD9A /* WordPairRow.swift */; };
/* End PBXBuildFile section */

/* Begin PBXFileReference section */
		CE05B116282F6966007AC708 /* WordControlPanel.swift */ = {isa = PBXFileReference; lastKnownFileType = sourcecode.swift; path = WordControlPanel.swift; sourceTree = "<group>"; };
		CE05B118282F8755007AC708 /* WordSpeakerView.swift */ = {isa = PBXFileReference; lastKnownFileType = sourcecode.swift; path = WordSpeakerView.swift; sourceTree = "<group>"; };
		CE05B11A282F9ABB007AC708 /* ViewExt.swift */ = {isa = PBXFileReference; lastKnownFileType = sourcecode.swift; path = ViewExt.swift; sourceTree = "<group>"; };
		CE05B11C282F9D45007AC708 /* ToggleLearningWordButton.swift */ = {isa = PBXFileReference; lastKnownFileType = sourcecode.swift; path = ToggleLearningWordButton.swift; sourceTree = "<group>"; };
		CE05B11E282F9D5D007AC708 /* ToggleLearnedWordButton.swift */ = {isa = PBXFileReference; lastKnownFileType = sourcecode.swift; path = ToggleLearnedWordButton.swift; sourceTree = "<group>"; };
		CE13BD47283A384700F404B7 /* LocalNotificationManager.swift */ = {isa = PBXFileReference; lastKnownFileType = sourcecode.swift; path = LocalNotificationManager.swift; sourceTree = "<group>"; };
		CE239A83283363B30094F624 /* ExcelParser.swift */ = {isa = PBXFileReference; lastKnownFileType = sourcecode.swift; path = ExcelParser.swift; sourceTree = "<group>"; };
		CE239A85283378790094F624 /* ColorExt.swift */ = {isa = PBXFileReference; lastKnownFileType = sourcecode.swift; path = ColorExt.swift; sourceTree = "<group>"; };
		CE2E847D282E5ED700E8D43A /* Language.swift */ = {isa = PBXFileReference; lastKnownFileType = sourcecode.swift; path = Language.swift; sourceTree = "<group>"; };
		CE42D93C284F8C0900F5F751 /* AnimatableModifierCGFloat.swift */ = {isa = PBXFileReference; lastKnownFileType = sourcecode.swift; path = AnimatableModifierCGFloat.swift; sourceTree = "<group>"; };
		CE6D1068282263F8004B2769 /* DividedVStack.swift */ = {isa = PBXFileReference; lastKnownFileType = sourcecode.swift; path = DividedVStack.swift; sourceTree = "<group>"; };
		CE7066022822F40A00ACE3A5 /* ToggleCircleImage.swift */ = {isa = PBXFileReference; lastKnownFileType = sourcecode.swift; path = ToggleCircleImage.swift; sourceTree = "<group>"; };
		CE7066042822FB8300ACE3A5 /* ColorfulBadge.swift */ = {isa = PBXFileReference; lastKnownFileType = sourcecode.swift; path = ColorfulBadge.swift; sourceTree = "<group>"; };
		CE7546872821028F0066917D /* RoundedRectangleButtonStyle.swift */ = {isa = PBXFileReference; lastKnownFileType = sourcecode.swift; path = RoundedRectangleButtonStyle.swift; sourceTree = "<group>"; };
		CE7546892821047E0066917D /* WordCard.swift */ = {isa = PBXFileReference; lastKnownFileType = sourcecode.swift; path = WordCard.swift; sourceTree = "<group>"; };
		CE75D7852826B7EF00A6C2BD /* StringExt.swift */ = {isa = PBXFileReference; lastKnownFileType = sourcecode.swift; path = StringExt.swift; sourceTree = "<group>"; };
		CE7C5F8C28437E5E000EC36D /* EditModeExt.swift */ = {isa = PBXFileReference; lastKnownFileType = sourcecode.swift; path = EditModeExt.swift; sourceTree = "<group>"; };
		CE7EB1FD2830EE1F0017C824 /* WordPairStore.swift */ = {isa = PBXFileReference; lastKnownFileType = sourcecode.swift; path = WordPairStore.swift; sourceTree = "<group>"; };
		CE801BDC2844C6B600935EFB /* CloseNavigationButton.swift */ = {isa = PBXFileReference; lastKnownFileType = sourcecode.swift; path = CloseNavigationButton.swift; sourceTree = "<group>"; };
		CE87C078282C1F2D00B43572 /* BindingExt.swift */ = {isa = PBXFileReference; lastKnownFileType = sourcecode.swift; path = BindingExt.swift; sourceTree = "<group>"; };
		CE96E8ED282A66F900126B37 /* SynonymsApi.swift */ = {isa = PBXFileReference; lastKnownFileType = sourcecode.swift; path = SynonymsApi.swift; sourceTree = "<group>"; };
		CE96E8EF282A670700126B37 /* ExamplesApi.swift */ = {isa = PBXFileReference; lastKnownFileType = sourcecode.swift; path = ExamplesApi.swift; sourceTree = "<group>"; };
		CE96E8F1282A67D000126B37 /* HtmlRequestError.swift */ = {isa = PBXFileReference; lastKnownFileType = sourcecode.swift; path = HtmlRequestError.swift; sourceTree = "<group>"; };
		CE96E8F3282A6BE600126B37 /* Word.swift */ = {isa = PBXFileReference; lastKnownFileType = sourcecode.swift; path = Word.swift; sourceTree = "<group>"; };
		CE96E8F5282A862500126B37 /* URLSessionExt.swift */ = {isa = PBXFileReference; lastKnownFileType = sourcecode.swift; path = URLSessionExt.swift; sourceTree = "<group>"; };
		CE96E8F8282A8B0000126B37 /* UrlError.swift */ = {isa = PBXFileReference; lastKnownFileType = sourcecode.swift; path = UrlError.swift; sourceTree = "<group>"; };
		CEAAEBA6282168F700FFA3B9 /* RepeatCard.swift */ = {isa = PBXFileReference; lastKnownFileType = sourcecode.swift; path = RepeatCard.swift; sourceTree = "<group>"; };
		CEAAEBA828216DF300FFA3B9 /* VerticalLabelStyle.swift */ = {isa = PBXFileReference; lastKnownFileType = sourcecode.swift; path = VerticalLabelStyle.swift; sourceTree = "<group>"; };
		CEAAEBAC28219DBA00FFA3B9 /* WordInfoView.swift */ = {isa = PBXFileReference; lastKnownFileType = sourcecode.swift; path = WordInfoView.swift; sourceTree = "<group>"; };
		CEAAEBAE2821A3AA00FFA3B9 /* RepeatingFinish.swift */ = {isa = PBXFileReference; lastKnownFileType = sourcecode.swift; path = RepeatingFinish.swift; sourceTree = "<group>"; };
		CEAAEBB02821A48E00FFA3B9 /* TestSettingsTab.swift */ = {isa = PBXFileReference; lastKnownFileType = sourcecode.swift; path = TestSettingsTab.swift; sourceTree = "<group>"; };
		CEAAEBB22821A55B00FFA3B9 /* KeyValueView.swift */ = {isa = PBXFileReference; lastKnownFileType = sourcecode.swift; path = KeyValueView.swift; sourceTree = "<group>"; };
		CEAAEBB52821A94100FFA3B9 /* SettingsTab.swift */ = {isa = PBXFileReference; lastKnownFileType = sourcecode.swift; path = SettingsTab.swift; sourceTree = "<group>"; };
		CEB3E79E2825A17700D6B686 /* UrlExt.swift */ = {isa = PBXFileReference; lastKnownFileType = sourcecode.swift; path = UrlExt.swift; sourceTree = "<group>"; };
		CEB3E7A22825A48900D6B686 /* ArrayExt.swift */ = {isa = PBXFileReference; lastKnownFileType = sourcecode.swift; path = ArrayExt.swift; sourceTree = "<group>"; };
		CEBBED932838026500812DFC /* DictionaryTabModel.swift */ = {isa = PBXFileReference; lastKnownFileType = sourcecode.swift; path = DictionaryTabModel.swift; sourceTree = "<group>"; };
		CEE90824281FB4CA00E4EC8B /* EnglishApp.app */ = {isa = PBXFileReference; explicitFileType = wrapper.application; includeInIndex = 0; path = EnglishApp.app; sourceTree = BUILT_PRODUCTS_DIR; };
		CEE90827281FB4CA00E4EC8B /* EnglishAppApp.swift */ = {isa = PBXFileReference; lastKnownFileType = sourcecode.swift; path = EnglishAppApp.swift; sourceTree = "<group>"; };
		CEE90829281FB4CA00E4EC8B /* ContentView.swift */ = {isa = PBXFileReference; lastKnownFileType = sourcecode.swift; path = ContentView.swift; sourceTree = "<group>"; };
		CEE9082B281FB4CF00E4EC8B /* Assets.xcassets */ = {isa = PBXFileReference; lastKnownFileType = folder.assetcatalog; path = Assets.xcassets; sourceTree = "<group>"; };
		CEE9082E281FB4CF00E4EC8B /* Preview Assets.xcassets */ = {isa = PBXFileReference; lastKnownFileType = folder.assetcatalog; path = "Preview Assets.xcassets"; sourceTree = "<group>"; };
		CEE90837281FB65600E4EC8B /* Theme.swift */ = {isa = PBXFileReference; lastKnownFileType = sourcecode.swift; path = Theme.swift; sourceTree = "<group>"; };
		CEE9083B281FB6A900E4EC8B /* Tab.swift */ = {isa = PBXFileReference; lastKnownFileType = sourcecode.swift; path = Tab.swift; sourceTree = "<group>"; };
		CEE9083F281FB89900E4EC8B /* DictionaryTab.swift */ = {isa = PBXFileReference; lastKnownFileType = sourcecode.swift; path = DictionaryTab.swift; sourceTree = "<group>"; };
		CEE90842281FED7600E4EC8B /* LearningCategory.swift */ = {isa = PBXFileReference; lastKnownFileType = sourcecode.swift; path = LearningCategory.swift; sourceTree = "<group>"; };
		CEE90847281FFC3800E4EC8B /* LearningTab.swift */ = {isa = PBXFileReference; lastKnownFileType = sourcecode.swift; path = LearningTab.swift; sourceTree = "<group>"; };
		CEE90849281FFC4300E4EC8B /* LearnedTab.swift */ = {isa = PBXFileReference; lastKnownFileType = sourcecode.swift; path = LearnedTab.swift; sourceTree = "<group>"; };
		CEE9084B281FFD3900E4EC8B /* SettingsButtonView.swift */ = {isa = PBXFileReference; lastKnownFileType = sourcecode.swift; path = SettingsButtonView.swift; sourceTree = "<group>"; };
		CEE9084D2820017600E4EC8B /* WordPair.swift */ = {isa = PBXFileReference; lastKnownFileType = sourcecode.swift; path = WordPair.swift; sourceTree = "<group>"; };
		CEEFFD9F2843E33F0025B3E4 /* TestView.swift */ = {isa = PBXFileReference; lastKnownFileType = sourcecode.swift; path = TestView.swift; sourceTree = "<group>"; };
		CEEFFDA32843E3790025B3E4 /* TestModel.swift */ = {isa = PBXFileReference; lastKnownFileType = sourcecode.swift; path = TestModel.swift; sourceTree = "<group>"; };
		CEF31925282BE1BF00C8287C /* ExampleListView.swift */ = {isa = PBXFileReference; lastKnownFileType = sourcecode.swift; path = ExampleListView.swift; sourceTree = "<group>"; };
		CEF31927282BE1E200C8287C /* SynonymListView.swift */ = {isa = PBXFileReference; lastKnownFileType = sourcecode.swift; path = SynonymListView.swift; sourceTree = "<group>"; };
		CEFC7A7E28229F1F0054DD9A /* CategoryWordsTab.swift */ = {isa = PBXFileReference; lastKnownFileType = sourcecode.swift; path = CategoryWordsTab.swift; sourceTree = "<group>"; };
		CEFC7A802822A1BE0054DD9A /* WordPairRow.swift */ = {isa = PBXFileReference; lastKnownFileType = sourcecode.swift; path = WordPairRow.swift; sourceTree = "<group>"; };
/* End PBXFileReference section */

/* Begin PBXFrameworksBuildPhase section */
		CEE90821281FB4CA00E4EC8B /* Frameworks */ = {
			isa = PBXFrameworksBuildPhase;
			buildActionMask = 2147483647;
			files = (
				CE239A81283363300094F624 /* CoreXLSX in Frameworks */,
				CE6D106728226370004B2769 /* ViewExtractor in Frameworks */,
				CEC2CC0D282132D800824926 /* WrappingHStack in Frameworks */,
			);
			runOnlyForDeploymentPostprocessing = 0;
		};
/* End PBXFrameworksBuildPhase section */

/* Begin PBXGroup section */
		CE239A82283363960094F624 /* Parsers */ = {
			isa = PBXGroup;
			children = (
				CE239A83283363B30094F624 /* ExcelParser.swift */,
			);
			path = Parsers;
			sourceTree = "<group>";
		};
		CE6D106228226175004B2769 /* Extensions */ = {
			isa = PBXGroup;
			children = (
				CEB3E79E2825A17700D6B686 /* UrlExt.swift */,
				CEB3E7A22825A48900D6B686 /* ArrayExt.swift */,
				CE75D7852826B7EF00A6C2BD /* StringExt.swift */,
				CE96E8F5282A862500126B37 /* URLSessionExt.swift */,
				CE87C078282C1F2D00B43572 /* BindingExt.swift */,
				CE05B11A282F9ABB007AC708 /* ViewExt.swift */,
				CE239A85283378790094F624 /* ColorExt.swift */,
				CE7C5F8C28437E5E000EC36D /* EditModeExt.swift */,
			);
			path = Extensions;
			sourceTree = "<group>";
		};
		CE75D7872826BA0300A6C2BD /* Network */ = {
			isa = PBXGroup;
			children = (
				CE96E8FA282A8DD400126B37 /* DictionaryApis */,
				CE96E8F7282A8AE900126B37 /* Errors */,
			);
			path = Network;
			sourceTree = "<group>";
		};
		CE7EB1FF2830F1B00017C824 /* Stores */ = {
			isa = PBXGroup;
			children = (
				CE7EB1FD2830EE1F0017C824 /* WordPairStore.swift */,
			);
			path = Stores;
			sourceTree = "<group>";
		};
		CE96E8F7282A8AE900126B37 /* Errors */ = {
			isa = PBXGroup;
			children = (
				CE96E8F1282A67D000126B37 /* HtmlRequestError.swift */,
				CE96E8F8282A8B0000126B37 /* UrlError.swift */,
			);
			path = Errors;
			sourceTree = "<group>";
		};
		CE96E8FA282A8DD400126B37 /* DictionaryApis */ = {
			isa = PBXGroup;
			children = (
				CE96E8ED282A66F900126B37 /* SynonymsApi.swift */,
				CE96E8EF282A670700126B37 /* ExamplesApi.swift */,
			);
			path = DictionaryApis;
			sourceTree = "<group>";
		};
		CEAAEBB42821A92000FFA3B9 /* SettingsTab */ = {
			isa = PBXGroup;
			children = (
				CEAAEBB52821A94100FFA3B9 /* SettingsTab.swift */,
			);
			path = SettingsTab;
			sourceTree = "<group>";
		};
		CEBBED922838024800812DFC /* Models */ = {
			isa = PBXGroup;
			children = (
				CEEFFDA22843E3670025B3E4 /* LearnedTab */,
				CEEFFDA12843E3600025B3E4 /* DictionaryTab */,
			);
			path = Models;
			sourceTree = "<group>";
		};
		CEE9081B281FB4CA00E4EC8B = {
			isa = PBXGroup;
			children = (
				CEE90826281FB4CA00E4EC8B /* EnglishApp */,
				CEE90825281FB4CA00E4EC8B /* Products */,
			);
			sourceTree = "<group>";
		};
		CEE90825281FB4CA00E4EC8B /* Products */ = {
			isa = PBXGroup;
			children = (
				CEE90824281FB4CA00E4EC8B /* EnglishApp.app */,
			);
			name = Products;
			sourceTree = "<group>";
		};
		CEE90826281FB4CA00E4EC8B /* EnglishApp */ = {
			isa = PBXGroup;
			children = (
				CEBBED922838024800812DFC /* Models */,
				CEE90841281FED6600E4EC8B /* Data */,
				CEE90836281FB64100E4EC8B /* Handlers */,
				CEE90835281FB5C200E4EC8B /* Views */,
				CEE90827281FB4CA00E4EC8B /* EnglishAppApp.swift */,
				CEE9082B281FB4CF00E4EC8B /* Assets.xcassets */,
				CEE9082D281FB4CF00E4EC8B /* Preview Content */,
			);
			path = EnglishApp;
			sourceTree = "<group>";
		};
		CEE9082D281FB4CF00E4EC8B /* Preview Content */ = {
			isa = PBXGroup;
			children = (
				CEE9082E281FB4CF00E4EC8B /* Preview Assets.xcassets */,
			);
			path = "Preview Content";
			sourceTree = "<group>";
		};
		CEE90835281FB5C200E4EC8B /* Views */ = {
			isa = PBXGroup;
			children = (
				CEAAEBB42821A92000FFA3B9 /* SettingsTab */,
				CEE90846281FFC1D00E4EC8B /* LearnedTab */,
				CEE90845281FFC0C00E4EC8B /* LearningTab */,
				CEE90844281FFBF900E4EC8B /* DictionaryTab */,
				CEE90829281FB4CA00E4EC8B /* ContentView.swift */,
				CEE9084B281FFD3900E4EC8B /* SettingsButtonView.swift */,
				CEFC7A802822A1BE0054DD9A /* WordPairRow.swift */,
				CE05B116282F6966007AC708 /* WordControlPanel.swift */,
				CE05B118282F8755007AC708 /* WordSpeakerView.swift */,
				CE05B11C282F9D45007AC708 /* ToggleLearningWordButton.swift */,
				CE05B11E282F9D5D007AC708 /* ToggleLearnedWordButton.swift */,
				CE801BDC2844C6B600935EFB /* CloseNavigationButton.swift */,
			);
			path = Views;
			sourceTree = "<group>";
		};
		CEE90836281FB64100E4EC8B /* Handlers */ = {
			isa = PBXGroup;
			children = (
				CE239A82283363960094F624 /* Parsers */,
				CE75D7872826BA0300A6C2BD /* Network */,
				CE6D106228226175004B2769 /* Extensions */,
				CEE9083A281FB69C00E4EC8B /* Views */,
				CEE90837281FB65600E4EC8B /* Theme.swift */,
				CE13BD47283A384700F404B7 /* LocalNotificationManager.swift */,
			);
			path = Handlers;
			sourceTree = "<group>";
		};
		CEE9083A281FB69C00E4EC8B /* Views */ = {
			isa = PBXGroup;
			children = (
				CEE9083B281FB6A900E4EC8B /* Tab.swift */,
				CE7546872821028F0066917D /* RoundedRectangleButtonStyle.swift */,
				CEAAEBA828216DF300FFA3B9 /* VerticalLabelStyle.swift */,
				CEAAEBB22821A55B00FFA3B9 /* KeyValueView.swift */,
				CE6D1068282263F8004B2769 /* DividedVStack.swift */,
				CE7066022822F40A00ACE3A5 /* ToggleCircleImage.swift */,
				CE7066042822FB8300ACE3A5 /* ColorfulBadge.swift */,
				CE42D93C284F8C0900F5F751 /* AnimatableModifierCGFloat.swift */,
			);
			path = Views;
			sourceTree = "<group>";
		};
		CEE90841281FED6600E4EC8B /* Data */ = {
			isa = PBXGroup;
			children = (
				CE7EB1FF2830F1B00017C824 /* Stores */,
				CEE90842281FED7600E4EC8B /* LearningCategory.swift */,
				CEE9084D2820017600E4EC8B /* WordPair.swift */,
				CE96E8F3282A6BE600126B37 /* Word.swift */,
				CE2E847D282E5ED700E8D43A /* Language.swift */,
			);
			path = Data;
			sourceTree = "<group>";
		};
		CEE90844281FFBF900E4EC8B /* DictionaryTab */ = {
			isa = PBXGroup;
			children = (
				CEE9083F281FB89900E4EC8B /* DictionaryTab.swift */,
				CEFC7A7E28229F1F0054DD9A /* CategoryWordsTab.swift */,
			);
			path = DictionaryTab;
			sourceTree = "<group>";
		};
		CEE90845281FFC0C00E4EC8B /* LearningTab */ = {
			isa = PBXGroup;
			children = (
				CEE90847281FFC3800E4EC8B /* LearningTab.swift */,
			);
			path = LearningTab;
			sourceTree = "<group>";
		};
		CEE90846281FFC1D00E4EC8B /* LearnedTab */ = {
			isa = PBXGroup;
			children = (
				CEF31924282BE19D00C8287C /* WordInfo */,
				CEE90849281FFC4300E4EC8B /* LearnedTab.swift */,
				CEAAEBA6282168F700FFA3B9 /* RepeatCard.swift */,
				CEAAEBAC28219DBA00FFA3B9 /* WordInfoView.swift */,
				CEAAEBAE2821A3AA00FFA3B9 /* RepeatingFinish.swift */,
				CEAAEBB02821A48E00FFA3B9 /* TestSettingsTab.swift */,
				CEEFFD9F2843E33F0025B3E4 /* TestView.swift */,
			);
			path = LearnedTab;
			sourceTree = "<group>";
		};
		CEEFFDA12843E3600025B3E4 /* DictionaryTab */ = {
			isa = PBXGroup;
			children = (
				CEBBED932838026500812DFC /* DictionaryTabModel.swift */,
			);
			path = DictionaryTab;
			sourceTree = "<group>";
		};
		CEEFFDA22843E3670025B3E4 /* LearnedTab */ = {
			isa = PBXGroup;
			children = (
				CEEFFDA32843E3790025B3E4 /* TestModel.swift */,
			);
			path = LearnedTab;
			sourceTree = "<group>";
		};
		CEF31924282BE19D00C8287C /* WordInfo */ = {
			isa = PBXGroup;
			children = (
				CE7546892821047E0066917D /* WordCard.swift */,
				CEF31925282BE1BF00C8287C /* ExampleListView.swift */,
				CEF31927282BE1E200C8287C /* SynonymListView.swift */,
			);
			path = WordInfo;
			sourceTree = "<group>";
		};
/* End PBXGroup section */

/* Begin PBXNativeTarget section */
		CEE90823281FB4CA00E4EC8B /* EnglishApp */ = {
			isa = PBXNativeTarget;
			buildConfigurationList = CEE90832281FB4CF00E4EC8B /* Build configuration list for PBXNativeTarget "EnglishApp" */;
			buildPhases = (
				CEE90820281FB4CA00E4EC8B /* Sources */,
				CEE90821281FB4CA00E4EC8B /* Frameworks */,
				CEE90822281FB4CA00E4EC8B /* Resources */,
			);
			buildRules = (
			);
			dependencies = (
			);
			name = EnglishApp;
			packageProductDependencies = (
				CEC2CC0C282132D800824926 /* WrappingHStack */,
				CE6D106628226370004B2769 /* ViewExtractor */,
				CE239A80283363300094F624 /* CoreXLSX */,
			);
			productName = EnglishApp;
			productReference = CEE90824281FB4CA00E4EC8B /* EnglishApp.app */;
			productType = "com.apple.product-type.application";
		};
/* End PBXNativeTarget section */

/* Begin PBXProject section */
		CEE9081C281FB4CA00E4EC8B /* Project object */ = {
			isa = PBXProject;
			attributes = {
				BuildIndependentTargetsInParallel = 1;
				LastSwiftUpdateCheck = 1320;
				LastUpgradeCheck = 1320;
				TargetAttributes = {
					CEE90823281FB4CA00E4EC8B = {
						CreatedOnToolsVersion = 13.2.1;
					};
				};
			};
			buildConfigurationList = CEE9081F281FB4CA00E4EC8B /* Build configuration list for PBXProject "EnglishApp" */;
			compatibilityVersion = "Xcode 13.0";
			developmentRegion = en;
			hasScannedForEncodings = 0;
			knownRegions = (
				en,
				Base,
				ru,
			);
			mainGroup = CEE9081B281FB4CA00E4EC8B;
			packageReferences = (
				CEC2CC0B282132D800824926 /* XCRemoteSwiftPackageReference "WrappingHStack" */,
				CE6D106528226370004B2769 /* XCRemoteSwiftPackageReference "ViewExtractor" */,
				CE239A7F283363300094F624 /* XCRemoteSwiftPackageReference "CoreXLSX" */,
			);
			productRefGroup = CEE90825281FB4CA00E4EC8B /* Products */;
			projectDirPath = "";
			projectRoot = "";
			targets = (
				CEE90823281FB4CA00E4EC8B /* EnglishApp */,
			);
		};
/* End PBXProject section */

/* Begin PBXResourcesBuildPhase section */
		CEE90822281FB4CA00E4EC8B /* Resources */ = {
			isa = PBXResourcesBuildPhase;
			buildActionMask = 2147483647;
			files = (
				CEE9082F281FB4CF00E4EC8B /* Preview Assets.xcassets in Resources */,
				CEE9082C281FB4CF00E4EC8B /* Assets.xcassets in Resources */,
			);
			runOnlyForDeploymentPostprocessing = 0;
		};
/* End PBXResourcesBuildPhase section */

/* Begin PBXSourcesBuildPhase section */
		CEE90820281FB4CA00E4EC8B /* Sources */ = {
			isa = PBXSourcesBuildPhase;
			buildActionMask = 2147483647;
			files = (
				CE96E8F4282A6BE600126B37 /* Word.swift in Sources */,
				CE239A86283378790094F624 /* ColorExt.swift in Sources */,
				CE7066032822F40A00ACE3A5 /* ToggleCircleImage.swift in Sources */,
				CE96E8F0282A670700126B37 /* ExamplesApi.swift in Sources */,
				CEAAEBAF2821A3AA00FFA3B9 /* RepeatingFinish.swift in Sources */,
				CE2E847E282E5ED700E8D43A /* Language.swift in Sources */,
				CEE90838281FB65600E4EC8B /* Theme.swift in Sources */,
				CE239A84283363B30094F624 /* ExcelParser.swift in Sources */,
				CE7C5F8D28437E5E000EC36D /* EditModeExt.swift in Sources */,
				CEE9084E2820017600E4EC8B /* WordPair.swift in Sources */,
				CEF31926282BE1BF00C8287C /* ExampleListView.swift in Sources */,
				CEAAEBB12821A48E00FFA3B9 /* TestSettingsTab.swift in Sources */,
				CE87C079282C1F2D00B43572 /* BindingExt.swift in Sources */,
				CEAAEBA928216DF300FFA3B9 /* VerticalLabelStyle.swift in Sources */,
				CEB3E79F2825A17700D6B686 /* UrlExt.swift in Sources */,
				CE96E8EE282A66F900126B37 /* SynonymsApi.swift in Sources */,
				CEE9082A281FB4CA00E4EC8B /* ContentView.swift in Sources */,
				CE42D93D284F8C0900F5F751 /* AnimatableModifierCGFloat.swift in Sources */,
				CE05B11D282F9D45007AC708 /* ToggleLearningWordButton.swift in Sources */,
				CE13BD48283A384700F404B7 /* LocalNotificationManager.swift in Sources */,
				CE96E8F9282A8B0000126B37 /* UrlError.swift in Sources */,
				CE75468A2821047E0066917D /* WordCard.swift in Sources */,
				CE75D7862826B7EF00A6C2BD /* StringExt.swift in Sources */,
				CEE90828281FB4CA00E4EC8B /* EnglishAppApp.swift in Sources */,
				CE05B119282F8755007AC708 /* WordSpeakerView.swift in Sources */,
				CEB3E7A32825A48900D6B686 /* ArrayExt.swift in Sources */,
				CEEFFDA42843E3790025B3E4 /* TestModel.swift in Sources */,
				CEAAEBB32821A55B00FFA3B9 /* KeyValueView.swift in Sources */,
				CEE9084C281FFD3900E4EC8B /* SettingsButtonView.swift in Sources */,
				CEAAEBB62821A94100FFA3B9 /* SettingsTab.swift in Sources */,
				CEEFFDA02843E33F0025B3E4 /* TestView.swift in Sources */,
				CE05B11F282F9D5D007AC708 /* ToggleLearnedWordButton.swift in Sources */,
				CEE90848281FFC3800E4EC8B /* LearningTab.swift in Sources */,
				CEAAEBAD28219DBA00FFA3B9 /* WordInfoView.swift in Sources */,
				CEAAEBA7282168F700FFA3B9 /* RepeatCard.swift in Sources */,
				CEFC7A812822A1BE0054DD9A /* WordPairRow.swift in Sources */,
				CEFC7A7F28229F1F0054DD9A /* CategoryWordsTab.swift in Sources */,
				CE7EB1FE2830EE1F0017C824 /* WordPairStore.swift in Sources */,
				CE7546882821028F0066917D /* RoundedRectangleButtonStyle.swift in Sources */,
				CE05B11B282F9ABB007AC708 /* ViewExt.swift in Sources */,
				CE801BDD2844C6B600935EFB /* CloseNavigationButton.swift in Sources */,
				CE96E8F2282A67D000126B37 /* HtmlRequestError.swift in Sources */,
				CEE9083C281FB6A900E4EC8B /* Tab.swift in Sources */,
				CEE9084A281FFC4300E4EC8B /* LearnedTab.swift in Sources */,
				CEE90840281FB89900E4EC8B /* DictionaryTab.swift in Sources */,
				CE96E8F6282A862500126B37 /* URLSessionExt.swift in Sources */,
				CEF31928282BE1E200C8287C /* SynonymListView.swift in Sources */,
				CEE90843281FED7600E4EC8B /* LearningCategory.swift in Sources */,
				CEBBED942838026500812DFC /* DictionaryTabModel.swift in Sources */,
				CE05B117282F6966007AC708 /* WordControlPanel.swift in Sources */,
				CE6D1069282263F8004B2769 /* DividedVStack.swift in Sources */,
				CE7066052822FB8300ACE3A5 /* ColorfulBadge.swift in Sources */,
			);
			runOnlyForDeploymentPostprocessing = 0;
		};
/* End PBXSourcesBuildPhase section */

/* Begin XCBuildConfiguration section */
		CEE90830281FB4CF00E4EC8B /* Debug */ = {
			isa = XCBuildConfiguration;
			buildSettings = {
				ALWAYS_SEARCH_USER_PATHS = NO;
				CLANG_ANALYZER_NONNULL = YES;
				CLANG_ANALYZER_NUMBER_OBJECT_CONVERSION = YES_AGGRESSIVE;
				CLANG_CXX_LANGUAGE_STANDARD = "gnu++17";
				CLANG_CXX_LIBRARY = "libc++";
				CLANG_ENABLE_MODULES = YES;
				CLANG_ENABLE_OBJC_ARC = YES;
				CLANG_ENABLE_OBJC_WEAK = YES;
				CLANG_WARN_BLOCK_CAPTURE_AUTORELEASING = YES;
				CLANG_WARN_BOOL_CONVERSION = YES;
				CLANG_WARN_COMMA = YES;
				CLANG_WARN_CONSTANT_CONVERSION = YES;
				CLANG_WARN_DEPRECATED_OBJC_IMPLEMENTATIONS = YES;
				CLANG_WARN_DIRECT_OBJC_ISA_USAGE = YES_ERROR;
				CLANG_WARN_DOCUMENTATION_COMMENTS = YES;
				CLANG_WARN_EMPTY_BODY = YES;
				CLANG_WARN_ENUM_CONVERSION = YES;
				CLANG_WARN_INFINITE_RECURSION = YES;
				CLANG_WARN_INT_CONVERSION = YES;
				CLANG_WARN_NON_LITERAL_NULL_CONVERSION = YES;
				CLANG_WARN_OBJC_IMPLICIT_RETAIN_SELF = YES;
				CLANG_WARN_OBJC_LITERAL_CONVERSION = YES;
				CLANG_WARN_OBJC_ROOT_CLASS = YES_ERROR;
				CLANG_WARN_QUOTED_INCLUDE_IN_FRAMEWORK_HEADER = YES;
				CLANG_WARN_RANGE_LOOP_ANALYSIS = YES;
				CLANG_WARN_STRICT_PROTOTYPES = YES;
				CLANG_WARN_SUSPICIOUS_MOVE = YES;
				CLANG_WARN_UNGUARDED_AVAILABILITY = YES_AGGRESSIVE;
				CLANG_WARN_UNREACHABLE_CODE = YES;
				CLANG_WARN__DUPLICATE_METHOD_MATCH = YES;
				COPY_PHASE_STRIP = NO;
				DEBUG_INFORMATION_FORMAT = dwarf;
				ENABLE_STRICT_OBJC_MSGSEND = YES;
				ENABLE_TESTABILITY = YES;
				GCC_C_LANGUAGE_STANDARD = gnu11;
				GCC_DYNAMIC_NO_PIC = NO;
				GCC_NO_COMMON_BLOCKS = YES;
				GCC_OPTIMIZATION_LEVEL = 0;
				GCC_PREPROCESSOR_DEFINITIONS = (
					"DEBUG=1",
					"$(inherited)",
				);
				GCC_WARN_64_TO_32_BIT_CONVERSION = YES;
				GCC_WARN_ABOUT_RETURN_TYPE = YES_ERROR;
				GCC_WARN_UNDECLARED_SELECTOR = YES;
				GCC_WARN_UNINITIALIZED_AUTOS = YES_AGGRESSIVE;
				GCC_WARN_UNUSED_FUNCTION = YES;
				GCC_WARN_UNUSED_VARIABLE = YES;
				IPHONEOS_DEPLOYMENT_TARGET = 15.2;
				MTL_ENABLE_DEBUG_INFO = INCLUDE_SOURCE;
				MTL_FAST_MATH = YES;
				ONLY_ACTIVE_ARCH = YES;
				SDKROOT = iphoneos;
				SWIFT_ACTIVE_COMPILATION_CONDITIONS = DEBUG;
				SWIFT_EMIT_LOC_STRINGS = NO;
				SWIFT_OPTIMIZATION_LEVEL = "-Onone";
			};
			name = Debug;
		};
		CEE90831281FB4CF00E4EC8B /* Release */ = {
			isa = XCBuildConfiguration;
			buildSettings = {
				ALWAYS_SEARCH_USER_PATHS = NO;
				CLANG_ANALYZER_NONNULL = YES;
				CLANG_ANALYZER_NUMBER_OBJECT_CONVERSION = YES_AGGRESSIVE;
				CLANG_CXX_LANGUAGE_STANDARD = "gnu++17";
				CLANG_CXX_LIBRARY = "libc++";
				CLANG_ENABLE_MODULES = YES;
				CLANG_ENABLE_OBJC_ARC = YES;
				CLANG_ENABLE_OBJC_WEAK = YES;
				CLANG_WARN_BLOCK_CAPTURE_AUTORELEASING = YES;
				CLANG_WARN_BOOL_CONVERSION = YES;
				CLANG_WARN_COMMA = YES;
				CLANG_WARN_CONSTANT_CONVERSION = YES;
				CLANG_WARN_DEPRECATED_OBJC_IMPLEMENTATIONS = YES;
				CLANG_WARN_DIRECT_OBJC_ISA_USAGE = YES_ERROR;
				CLANG_WARN_DOCUMENTATION_COMMENTS = YES;
				CLANG_WARN_EMPTY_BODY = YES;
				CLANG_WARN_ENUM_CONVERSION = YES;
				CLANG_WARN_INFINITE_RECURSION = YES;
				CLANG_WARN_INT_CONVERSION = YES;
				CLANG_WARN_NON_LITERAL_NULL_CONVERSION = YES;
				CLANG_WARN_OBJC_IMPLICIT_RETAIN_SELF = YES;
				CLANG_WARN_OBJC_LITERAL_CONVERSION = YES;
				CLANG_WARN_OBJC_ROOT_CLASS = YES_ERROR;
				CLANG_WARN_QUOTED_INCLUDE_IN_FRAMEWORK_HEADER = YES;
				CLANG_WARN_RANGE_LOOP_ANALYSIS = YES;
				CLANG_WARN_STRICT_PROTOTYPES = YES;
				CLANG_WARN_SUSPICIOUS_MOVE = YES;
				CLANG_WARN_UNGUARDED_AVAILABILITY = YES_AGGRESSIVE;
				CLANG_WARN_UNREACHABLE_CODE = YES;
				CLANG_WARN__DUPLICATE_METHOD_MATCH = YES;
				COPY_PHASE_STRIP = NO;
				DEBUG_INFORMATION_FORMAT = "dwarf-with-dsym";
				ENABLE_NS_ASSERTIONS = NO;
				ENABLE_STRICT_OBJC_MSGSEND = YES;
				GCC_C_LANGUAGE_STANDARD = gnu11;
				GCC_NO_COMMON_BLOCKS = YES;
				GCC_WARN_64_TO_32_BIT_CONVERSION = YES;
				GCC_WARN_ABOUT_RETURN_TYPE = YES_ERROR;
				GCC_WARN_UNDECLARED_SELECTOR = YES;
				GCC_WARN_UNINITIALIZED_AUTOS = YES_AGGRESSIVE;
				GCC_WARN_UNUSED_FUNCTION = YES;
				GCC_WARN_UNUSED_VARIABLE = YES;
				IPHONEOS_DEPLOYMENT_TARGET = 15.2;
				MTL_ENABLE_DEBUG_INFO = NO;
				MTL_FAST_MATH = YES;
				SDKROOT = iphoneos;
				SWIFT_COMPILATION_MODE = wholemodule;
				SWIFT_EMIT_LOC_STRINGS = NO;
				SWIFT_OPTIMIZATION_LEVEL = "-O";
				VALIDATE_PRODUCT = YES;
			};
			name = Release;
		};
		CEE90833281FB4CF00E4EC8B /* Debug */ = {
			isa = XCBuildConfiguration;
			buildSettings = {
				ASSETCATALOG_COMPILER_APPICON_NAME = AppIcon;
				ASSETCATALOG_COMPILER_GLOBAL_ACCENT_COLOR_NAME = AccentColor;
				CODE_SIGN_STYLE = Automatic;
				CURRENT_PROJECT_VERSION = 1;
				DEVELOPMENT_ASSET_PATHS = "\"EnglishApp/Preview Content\"";
				DEVELOPMENT_TEAM = D86YAFJU4P;
				ENABLE_PREVIEWS = YES;
				GENERATE_INFOPLIST_FILE = YES;
				INFOPLIST_KEY_UIApplicationSceneManifest_Generation = YES;
				INFOPLIST_KEY_UIApplicationSupportsIndirectInputEvents = YES;
				INFOPLIST_KEY_UILaunchScreen_Generation = YES;
				INFOPLIST_KEY_UISupportedInterfaceOrientations_iPad = "UIInterfaceOrientationPortrait UIInterfaceOrientationPortraitUpsideDown UIInterfaceOrientationLandscapeLeft UIInterfaceOrientationLandscapeRight";
				INFOPLIST_KEY_UISupportedInterfaceOrientations_iPhone = "UIInterfaceOrientationPortrait UIInterfaceOrientationLandscapeLeft UIInterfaceOrientationLandscapeRight";
				LD_RUNPATH_SEARCH_PATHS = (
					"$(inherited)",
					"@executable_path/Frameworks",
				);
				MARKETING_VERSION = 1.0;
				PRODUCT_BUNDLE_IDENTIFIER = com.wingsmight.EnglishApp;
				PRODUCT_NAME = "$(TARGET_NAME)";
				SWIFT_EMIT_LOC_STRINGS = YES;
				SWIFT_VERSION = 5.0;
				TARGETED_DEVICE_FAMILY = "1,2";
			};
			name = Debug;
		};
		CEE90834281FB4CF00E4EC8B /* Release */ = {
			isa = XCBuildConfiguration;
			buildSettings = {
				ASSETCATALOG_COMPILER_APPICON_NAME = AppIcon;
				ASSETCATALOG_COMPILER_GLOBAL_ACCENT_COLOR_NAME = AccentColor;
				CODE_SIGN_STYLE = Automatic;
				CURRENT_PROJECT_VERSION = 1;
				DEVELOPMENT_ASSET_PATHS = "\"EnglishApp/Preview Content\"";
				DEVELOPMENT_TEAM = D86YAFJU4P;
				ENABLE_PREVIEWS = YES;
				GENERATE_INFOPLIST_FILE = YES;
				INFOPLIST_KEY_UIApplicationSceneManifest_Generation = YES;
				INFOPLIST_KEY_UIApplicationSupportsIndirectInputEvents = YES;
				INFOPLIST_KEY_UILaunchScreen_Generation = YES;
				INFOPLIST_KEY_UISupportedInterfaceOrientations_iPad = "UIInterfaceOrientationPortrait UIInterfaceOrientationPortraitUpsideDown UIInterfaceOrientationLandscapeLeft UIInterfaceOrientationLandscapeRight";
				INFOPLIST_KEY_UISupportedInterfaceOrientations_iPhone = "UIInterfaceOrientationPortrait UIInterfaceOrientationLandscapeLeft UIInterfaceOrientationLandscapeRight";
				LD_RUNPATH_SEARCH_PATHS = (
					"$(inherited)",
					"@executable_path/Frameworks",
				);
				MARKETING_VERSION = 1.0;
				PRODUCT_BUNDLE_IDENTIFIER = com.wingsmight.EnglishApp;
				PRODUCT_NAME = "$(TARGET_NAME)";
				SWIFT_EMIT_LOC_STRINGS = YES;
				SWIFT_VERSION = 5.0;
				TARGETED_DEVICE_FAMILY = "1,2";
			};
			name = Release;
		};
/* End XCBuildConfiguration section */

/* Begin XCConfigurationList section */
		CEE9081F281FB4CA00E4EC8B /* Build configuration list for PBXProject "EnglishApp" */ = {
			isa = XCConfigurationList;
			buildConfigurations = (
				CEE90830281FB4CF00E4EC8B /* Debug */,
				CEE90831281FB4CF00E4EC8B /* Release */,
			);
			defaultConfigurationIsVisible = 0;
			defaultConfigurationName = Release;
		};
		CEE90832281FB4CF00E4EC8B /* Build configuration list for PBXNativeTarget "EnglishApp" */ = {
			isa = XCConfigurationList;
			buildConfigurations = (
				CEE90833281FB4CF00E4EC8B /* Debug */,
				CEE90834281FB4CF00E4EC8B /* Release */,
			);
			defaultConfigurationIsVisible = 0;
			defaultConfigurationName = Release;
		};
/* End XCConfigurationList section */

/* Begin XCRemoteSwiftPackageReference section */
		CE239A7F283363300094F624 /* XCRemoteSwiftPackageReference "CoreXLSX" */ = {
			isa = XCRemoteSwiftPackageReference;
			repositoryURL = "https://github.com/CoreOffice/CoreXLSX";
			requirement = {
				kind = upToNextMajorVersion;
				minimumVersion = 0.9.1;
			};
		};
		CE6D106528226370004B2769 /* XCRemoteSwiftPackageReference "ViewExtractor" */ = {
			isa = XCRemoteSwiftPackageReference;
			repositoryURL = "https://github.com/GeorgeElsham/ViewExtractor";
			requirement = {
				kind = upToNextMajorVersion;
				minimumVersion = 1.0.0;
			};
		};
		CEC2CC0B282132D800824926 /* XCRemoteSwiftPackageReference "WrappingHStack" */ = {
			isa = XCRemoteSwiftPackageReference;
			repositoryURL = "https://github.com/dkk/WrappingHStack";
			requirement = {
				kind = upToNextMajorVersion;
				minimumVersion = 2.0.0;
			};
		};
/* End XCRemoteSwiftPackageReference section */

/* Begin XCSwiftPackageProductDependency section */
		CE239A80283363300094F624 /* CoreXLSX */ = {
			isa = XCSwiftPackageProductDependency;
			package = CE239A7F283363300094F624 /* XCRemoteSwiftPackageReference "CoreXLSX" */;
			productName = CoreXLSX;
		};
		CE6D106628226370004B2769 /* ViewExtractor */ = {
			isa = XCSwiftPackageProductDependency;
			package = CE6D106528226370004B2769 /* XCRemoteSwiftPackageReference "ViewExtractor" */;
			productName = ViewExtractor;
		};
		CEC2CC0C282132D800824926 /* WrappingHStack */ = {
			isa = XCSwiftPackageProductDependency;
			package = CEC2CC0B282132D800824926 /* XCRemoteSwiftPackageReference "WrappingHStack" */;
			productName = WrappingHStack;
		};
/* End XCSwiftPackageProductDependency section */
	};
	rootObject = CEE9081C281FB4CA00E4EC8B /* Project object */;
}
