// !$*UTF8*$!
{
	archiveVersion = 1;
	classes = {
	};
	objectVersion = 55;
	objects = {

/* Begin PBXBuildFile section */
		CE6D106728226370004B2769 /* ViewExtractor in Frameworks */ = {isa = PBXBuildFile; productRef = CE6D106628226370004B2769 /* ViewExtractor */; };
		CE6D1069282263F8004B2769 /* DividedVStack.swift in Sources */ = {isa = PBXBuildFile; fileRef = CE6D1068282263F8004B2769 /* DividedVStack.swift */; };
		CE7066032822F40A00ACE3A5 /* ToggleCircleImage.swift in Sources */ = {isa = PBXBuildFile; fileRef = CE7066022822F40A00ACE3A5 /* ToggleCircleImage.swift */; };
		CE7066052822FB8300ACE3A5 /* ColorfulBadge.swift in Sources */ = {isa = PBXBuildFile; fileRef = CE7066042822FB8300ACE3A5 /* ColorfulBadge.swift */; };
		CE7546882821028F0066917D /* RoundedRectangleButtonStyle.swift in Sources */ = {isa = PBXBuildFile; fileRef = CE7546872821028F0066917D /* RoundedRectangleButtonStyle.swift */; };
		CE75468A2821047E0066917D /* WordCard.swift in Sources */ = {isa = PBXBuildFile; fileRef = CE7546892821047E0066917D /* WordCard.swift */; };
		CEAAEBA7282168F700FFA3B9 /* RepeatCard.swift in Sources */ = {isa = PBXBuildFile; fileRef = CEAAEBA6282168F700FFA3B9 /* RepeatCard.swift */; };
		CEAAEBA928216DF300FFA3B9 /* VerticalLabelStyle.swift in Sources */ = {isa = PBXBuildFile; fileRef = CEAAEBA828216DF300FFA3B9 /* VerticalLabelStyle.swift */; };
		CEAAEBAD28219DBA00FFA3B9 /* WordInfoView.swift in Sources */ = {isa = PBXBuildFile; fileRef = CEAAEBAC28219DBA00FFA3B9 /* WordInfoView.swift */; };
		CEAAEBAF2821A3AA00FFA3B9 /* RepeatingFinish.swift in Sources */ = {isa = PBXBuildFile; fileRef = CEAAEBAE2821A3AA00FFA3B9 /* RepeatingFinish.swift */; };
		CEAAEBB12821A48E00FFA3B9 /* TestSettingsView.swift in Sources */ = {isa = PBXBuildFile; fileRef = CEAAEBB02821A48E00FFA3B9 /* TestSettingsView.swift */; };
		CEAAEBB32821A55B00FFA3B9 /* KeyValueView.swift in Sources */ = {isa = PBXBuildFile; fileRef = CEAAEBB22821A55B00FFA3B9 /* KeyValueView.swift */; };
		CEAAEBB62821A94100FFA3B9 /* SettingsTab.swift in Sources */ = {isa = PBXBuildFile; fileRef = CEAAEBB52821A94100FFA3B9 /* SettingsTab.swift */; };
		CEC2CC0D282132D800824926 /* WrappingHStack in Frameworks */ = {isa = PBXBuildFile; productRef = CEC2CC0C282132D800824926 /* WrappingHStack */; };
		CEE90828281FB4CA00E4EC8B /* EnglishAppApp.swift in Sources */ = {isa = PBXBuildFile; fileRef = CEE90827281FB4CA00E4EC8B /* EnglishAppApp.swift */; };
		CEE9082A281FB4CA00E4EC8B /* ContentView.swift in Sources */ = {isa = PBXBuildFile; fileRef = CEE90829281FB4CA00E4EC8B /* ContentView.swift */; };
		CEE9082C281FB4CF00E4EC8B /* Assets.xcassets in Resources */ = {isa = PBXBuildFile; fileRef = CEE9082B281FB4CF00E4EC8B /* Assets.xcassets */; };
		CEE9082F281FB4CF00E4EC8B /* Preview Assets.xcassets in Resources */ = {isa = PBXBuildFile; fileRef = CEE9082E281FB4CF00E4EC8B /* Preview Assets.xcassets */; };
		CEE90838281FB65600E4EC8B /* Theme.swift in Sources */ = {isa = PBXBuildFile; fileRef = CEE90837281FB65600E4EC8B /* Theme.swift */; };
		CEE9083C281FB6A900E4EC8B /* Tab.swift in Sources */ = {isa = PBXBuildFile; fileRef = CEE9083B281FB6A900E4EC8B /* Tab.swift */; };
		CEE90840281FB89900E4EC8B /* DictionaryTab.swift in Sources */ = {isa = PBXBuildFile; fileRef = CEE9083F281FB89900E4EC8B /* DictionaryTab.swift */; };
		CEE90843281FED7600E4EC8B /* LearningCategory.swift in Sources */ = {isa = PBXBuildFile; fileRef = CEE90842281FED7600E4EC8B /* LearningCategory.swift */; };
		CEE90848281FFC3800E4EC8B /* LearningTab.swift in Sources */ = {isa = PBXBuildFile; fileRef = CEE90847281FFC3800E4EC8B /* LearningTab.swift */; };
		CEE9084A281FFC4300E4EC8B /* LearnedTab.swift in Sources */ = {isa = PBXBuildFile; fileRef = CEE90849281FFC4300E4EC8B /* LearnedTab.swift */; };
		CEE9084C281FFD3900E4EC8B /* SettingsView.swift in Sources */ = {isa = PBXBuildFile; fileRef = CEE9084B281FFD3900E4EC8B /* SettingsView.swift */; };
		CEE9084E2820017600E4EC8B /* WordPair.swift in Sources */ = {isa = PBXBuildFile; fileRef = CEE9084D2820017600E4EC8B /* WordPair.swift */; };
		CEFC7A7F28229F1F0054DD9A /* CategoryWordsTab.swift in Sources */ = {isa = PBXBuildFile; fileRef = CEFC7A7E28229F1F0054DD9A /* CategoryWordsTab.swift */; };
		CEFC7A812822A1BE0054DD9A /* WordPairRow.swift in Sources */ = {isa = PBXBuildFile; fileRef = CEFC7A802822A1BE0054DD9A /* WordPairRow.swift */; };
/* End PBXBuildFile section */

/* Begin PBXFileReference section */
		CE6D1068282263F8004B2769 /* DividedVStack.swift */ = {isa = PBXFileReference; lastKnownFileType = sourcecode.swift; path = DividedVStack.swift; sourceTree = "<group>"; };
		CE7066022822F40A00ACE3A5 /* ToggleCircleImage.swift */ = {isa = PBXFileReference; lastKnownFileType = sourcecode.swift; path = ToggleCircleImage.swift; sourceTree = "<group>"; };
		CE7066042822FB8300ACE3A5 /* ColorfulBadge.swift */ = {isa = PBXFileReference; lastKnownFileType = sourcecode.swift; path = ColorfulBadge.swift; sourceTree = "<group>"; };
		CE7546872821028F0066917D /* RoundedRectangleButtonStyle.swift */ = {isa = PBXFileReference; lastKnownFileType = sourcecode.swift; path = RoundedRectangleButtonStyle.swift; sourceTree = "<group>"; };
		CE7546892821047E0066917D /* WordCard.swift */ = {isa = PBXFileReference; lastKnownFileType = sourcecode.swift; path = WordCard.swift; sourceTree = "<group>"; };
		CEAAEBA6282168F700FFA3B9 /* RepeatCard.swift */ = {isa = PBXFileReference; lastKnownFileType = sourcecode.swift; path = RepeatCard.swift; sourceTree = "<group>"; };
		CEAAEBA828216DF300FFA3B9 /* VerticalLabelStyle.swift */ = {isa = PBXFileReference; lastKnownFileType = sourcecode.swift; path = VerticalLabelStyle.swift; sourceTree = "<group>"; };
		CEAAEBAC28219DBA00FFA3B9 /* WordInfoView.swift */ = {isa = PBXFileReference; lastKnownFileType = sourcecode.swift; path = WordInfoView.swift; sourceTree = "<group>"; };
		CEAAEBAE2821A3AA00FFA3B9 /* RepeatingFinish.swift */ = {isa = PBXFileReference; lastKnownFileType = sourcecode.swift; path = RepeatingFinish.swift; sourceTree = "<group>"; };
		CEAAEBB02821A48E00FFA3B9 /* TestSettingsView.swift */ = {isa = PBXFileReference; lastKnownFileType = sourcecode.swift; path = TestSettingsView.swift; sourceTree = "<group>"; };
		CEAAEBB22821A55B00FFA3B9 /* KeyValueView.swift */ = {isa = PBXFileReference; lastKnownFileType = sourcecode.swift; path = KeyValueView.swift; sourceTree = "<group>"; };
		CEAAEBB52821A94100FFA3B9 /* SettingsTab.swift */ = {isa = PBXFileReference; lastKnownFileType = sourcecode.swift; path = SettingsTab.swift; sourceTree = "<group>"; };
		CEE90824281FB4CA00E4EC8B /* EnglishApp.app */ = {isa = PBXFileReference; explicitFileType = wrapper.application; includeInIndex = 0; path = EnglishApp.app; sourceTree = BUILT_PRODUCTS_DIR; };
		CEE90827281FB4CA00E4EC8B /* EnglishAppApp.swift */ = {isa = PBXFileReference; lastKnownFileType = sourcecode.swift; path = EnglishAppApp.swift; sourceTree = "<group>"; };
		CEE90829281FB4CA00E4EC8B /* ContentView.swift */ = {isa = PBXFileReference; lastKnownFileType = sourcecode.swift; path = ContentView.swift; sourceTree = "<group>"; };
		CEE9082B281FB4CF00E4EC8B /* Assets.xcassets */ = {isa = PBXFileReference; lastKnownFileType = folder.assetcatalog; path = Assets.xcassets; sourceTree = "<group>"; };
		CEE9082E281FB4CF00E4EC8B /* Preview Assets.xcassets */ = {isa = PBXFileReference; lastKnownFileType = folder.assetcatalog; path = "Preview Assets.xcassets"; sourceTree = "<group>"; };
		CEE90837281FB65600E4EC8B /* Theme.swift */ = {isa = PBXFileReference; lastKnownFileType = sourcecode.swift; path = Theme.swift; sourceTree = "<group>"; };
		CEE9083B281FB6A900E4EC8B /* Tab.swift */ = {isa = PBXFileReference; lastKnownFileType = sourcecode.swift; path = Tab.swift; sourceTree = "<group>"; };
		CEE9083F281FB89900E4EC8B /* DictionaryTab.swift */ = {isa = PBXFileReference; lastKnownFileType = sourcecode.swift; path = DictionaryTab.swift; sourceTree = "<group>"; };
		CEE90842281FED7600E4EC8B /* LearningCategory.swift */ = {isa = PBXFileReference; lastKnownFileType = sourcecode.swift; path = LearningCategory.swift; sourceTree = "<group>"; };
		CEE90847281FFC3800E4EC8B /* LearningTab.swift */ = {isa = PBXFileReference; lastKnownFileType = sourcecode.swift; path = LearningTab.swift; sourceTree = "<group>"; };
		CEE90849281FFC4300E4EC8B /* LearnedTab.swift */ = {isa = PBXFileReference; lastKnownFileType = sourcecode.swift; path = LearnedTab.swift; sourceTree = "<group>"; };
		CEE9084B281FFD3900E4EC8B /* SettingsView.swift */ = {isa = PBXFileReference; lastKnownFileType = sourcecode.swift; path = SettingsView.swift; sourceTree = "<group>"; };
		CEE9084D2820017600E4EC8B /* WordPair.swift */ = {isa = PBXFileReference; lastKnownFileType = sourcecode.swift; path = WordPair.swift; sourceTree = "<group>"; };
		CEFC7A7E28229F1F0054DD9A /* CategoryWordsTab.swift */ = {isa = PBXFileReference; lastKnownFileType = sourcecode.swift; path = CategoryWordsTab.swift; sourceTree = "<group>"; };
		CEFC7A802822A1BE0054DD9A /* WordPairRow.swift */ = {isa = PBXFileReference; lastKnownFileType = sourcecode.swift; path = WordPairRow.swift; sourceTree = "<group>"; };
/* End PBXFileReference section */

/* Begin PBXFrameworksBuildPhase section */
		CEE90821281FB4CA00E4EC8B /* Frameworks */ = {
			isa = PBXFrameworksBuildPhase;
			buildActionMask = 2147483647;
			files = (
				CE6D106728226370004B2769 /* ViewExtractor in Frameworks */,
				CEC2CC0D282132D800824926 /* WrappingHStack in Frameworks */,
			);
			runOnlyForDeploymentPostprocessing = 0;
		};
/* End PBXFrameworksBuildPhase section */

/* Begin PBXGroup section */
		CE6D106228226175004B2769 /* Extensions */ = {
			isa = PBXGroup;
			children = (
			);
			path = Extensions;
			sourceTree = "<group>";
		};
		CEAAEBB42821A92000FFA3B9 /* SettingsTab */ = {
			isa = PBXGroup;
			children = (
				CEAAEBB52821A94100FFA3B9 /* SettingsTab.swift */,
			);
			path = SettingsTab;
			sourceTree = "<group>";
		};
		CEE9081B281FB4CA00E4EC8B = {
			isa = PBXGroup;
			children = (
				CEE90826281FB4CA00E4EC8B /* EnglishApp */,
				CEE90825281FB4CA00E4EC8B /* Products */,
			);
			sourceTree = "<group>";
		};
		CEE90825281FB4CA00E4EC8B /* Products */ = {
			isa = PBXGroup;
			children = (
				CEE90824281FB4CA00E4EC8B /* EnglishApp.app */,
			);
			name = Products;
			sourceTree = "<group>";
		};
		CEE90826281FB4CA00E4EC8B /* EnglishApp */ = {
			isa = PBXGroup;
			children = (
				CEE90841281FED6600E4EC8B /* Data */,
				CEE90836281FB64100E4EC8B /* Handlers */,
				CEE90835281FB5C200E4EC8B /* Views */,
				CEE90827281FB4CA00E4EC8B /* EnglishAppApp.swift */,
				CEE9082B281FB4CF00E4EC8B /* Assets.xcassets */,
				CEE9082D281FB4CF00E4EC8B /* Preview Content */,
			);
			path = EnglishApp;
			sourceTree = "<group>";
		};
		CEE9082D281FB4CF00E4EC8B /* Preview Content */ = {
			isa = PBXGroup;
			children = (
				CEE9082E281FB4CF00E4EC8B /* Preview Assets.xcassets */,
			);
			path = "Preview Content";
			sourceTree = "<group>";
		};
		CEE90835281FB5C200E4EC8B /* Views */ = {
			isa = PBXGroup;
			children = (
				CEAAEBB42821A92000FFA3B9 /* SettingsTab */,
				CEE90846281FFC1D00E4EC8B /* LearnedTab */,
				CEE90845281FFC0C00E4EC8B /* LearningTab */,
				CEE90844281FFBF900E4EC8B /* DictionaryTab */,
				CEE90829281FB4CA00E4EC8B /* ContentView.swift */,
				CEE9084B281FFD3900E4EC8B /* SettingsView.swift */,
				CEFC7A802822A1BE0054DD9A /* WordPairRow.swift */,
			);
			path = Views;
			sourceTree = "<group>";
		};
		CEE90836281FB64100E4EC8B /* Handlers */ = {
			isa = PBXGroup;
			children = (
				CE6D106228226175004B2769 /* Extensions */,
				CEE9083A281FB69C00E4EC8B /* Views */,
				CEE90837281FB65600E4EC8B /* Theme.swift */,
			);
			path = Handlers;
			sourceTree = "<group>";
		};
		CEE9083A281FB69C00E4EC8B /* Views */ = {
			isa = PBXGroup;
			children = (
				CEE9083B281FB6A900E4EC8B /* Tab.swift */,
				CE7546872821028F0066917D /* RoundedRectangleButtonStyle.swift */,
				CEAAEBA828216DF300FFA3B9 /* VerticalLabelStyle.swift */,
				CEAAEBB22821A55B00FFA3B9 /* KeyValueView.swift */,
				CE6D1068282263F8004B2769 /* DividedVStack.swift */,
				CE7066022822F40A00ACE3A5 /* ToggleCircleImage.swift */,
				CE7066042822FB8300ACE3A5 /* ColorfulBadge.swift */,
			);
			path = Views;
			sourceTree = "<group>";
		};
		CEE90841281FED6600E4EC8B /* Data */ = {
			isa = PBXGroup;
			children = (
				CEE90842281FED7600E4EC8B /* LearningCategory.swift */,
				CEE9084D2820017600E4EC8B /* WordPair.swift */,
			);
			path = Data;
			sourceTree = "<group>";
		};
		CEE90844281FFBF900E4EC8B /* DictionaryTab */ = {
			isa = PBXGroup;
			children = (
				CEE9083F281FB89900E4EC8B /* DictionaryTab.swift */,
				CEFC7A7E28229F1F0054DD9A /* CategoryWordsTab.swift */,
			);
			path = DictionaryTab;
			sourceTree = "<group>";
		};
		CEE90845281FFC0C00E4EC8B /* LearningTab */ = {
			isa = PBXGroup;
			children = (
				CEE90847281FFC3800E4EC8B /* LearningTab.swift */,
			);
			path = LearningTab;
			sourceTree = "<group>";
		};
		CEE90846281FFC1D00E4EC8B /* LearnedTab */ = {
			isa = PBXGroup;
			children = (
				CEE90849281FFC4300E4EC8B /* LearnedTab.swift */,
				CE7546892821047E0066917D /* WordCard.swift */,
				CEAAEBA6282168F700FFA3B9 /* RepeatCard.swift */,
				CEAAEBAC28219DBA00FFA3B9 /* WordInfoView.swift */,
				CEAAEBAE2821A3AA00FFA3B9 /* RepeatingFinish.swift */,
				CEAAEBB02821A48E00FFA3B9 /* TestSettingsView.swift */,
			);
			path = LearnedTab;
			sourceTree = "<group>";
		};
/* End PBXGroup section */

/* Begin PBXNativeTarget section */
		CEE90823281FB4CA00E4EC8B /* EnglishApp */ = {
			isa = PBXNativeTarget;
			buildConfigurationList = CEE90832281FB4CF00E4EC8B /* Build configuration list for PBXNativeTarget "EnglishApp" */;
			buildPhases = (
				CEE90820281FB4CA00E4EC8B /* Sources */,
				CEE90821281FB4CA00E4EC8B /* Frameworks */,
				CEE90822281FB4CA00E4EC8B /* Resources */,
			);
			buildRules = (
			);
			dependencies = (
			);
			name = EnglishApp;
			packageProductDependencies = (
				CEC2CC0C282132D800824926 /* WrappingHStack */,
				CE6D106628226370004B2769 /* ViewExtractor */,
			);
			productName = EnglishApp;
			productReference = CEE90824281FB4CA00E4EC8B /* EnglishApp.app */;
			productType = "com.apple.product-type.application";
		};
/* End PBXNativeTarget section */

/* Begin PBXProject section */
		CEE9081C281FB4CA00E4EC8B /* Project object */ = {
			isa = PBXProject;
			attributes = {
				BuildIndependentTargetsInParallel = 1;
				LastSwiftUpdateCheck = 1320;
				LastUpgradeCheck = 1320;
				TargetAttributes = {
					CEE90823281FB4CA00E4EC8B = {
						CreatedOnToolsVersion = 13.2.1;
					};
				};
			};
			buildConfigurationList = CEE9081F281FB4CA00E4EC8B /* Build configuration list for PBXProject "EnglishApp" */;
			compatibilityVersion = "Xcode 13.0";
			developmentRegion = en;
			hasScannedForEncodings = 0;
			knownRegions = (
				en,
				Base,
				ru,
			);
			mainGroup = CEE9081B281FB4CA00E4EC8B;
			packageReferences = (
				CEC2CC0B282132D800824926 /* XCRemoteSwiftPackageReference "WrappingHStack" */,
				CE6D106528226370004B2769 /* XCRemoteSwiftPackageReference "ViewExtractor" */,
			);
			productRefGroup = CEE90825281FB4CA00E4EC8B /* Products */;
			projectDirPath = "";
			projectRoot = "";
			targets = (
				CEE90823281FB4CA00E4EC8B /* EnglishApp */,
			);
		};
/* End PBXProject section */

/* Begin PBXResourcesBuildPhase section */
		CEE90822281FB4CA00E4EC8B /* Resources */ = {
			isa = PBXResourcesBuildPhase;
			buildActionMask = 2147483647;
			files = (
				CEE9082F281FB4CF00E4EC8B /* Preview Assets.xcassets in Resources */,
				CEE9082C281FB4CF00E4EC8B /* Assets.xcassets in Resources */,
			);
			runOnlyForDeploymentPostprocessing = 0;
		};
/* End PBXResourcesBuildPhase section */

/* Begin PBXSourcesBuildPhase section */
		CEE90820281FB4CA00E4EC8B /* Sources */ = {
			isa = PBXSourcesBuildPhase;
			buildActionMask = 2147483647;
			files = (
				CE7066032822F40A00ACE3A5 /* ToggleCircleImage.swift in Sources */,
				CEAAEBAF2821A3AA00FFA3B9 /* RepeatingFinish.swift in Sources */,
				CEE90838281FB65600E4EC8B /* Theme.swift in Sources */,
				CEE9084E2820017600E4EC8B /* WordPair.swift in Sources */,
				CEAAEBB12821A48E00FFA3B9 /* TestSettingsView.swift in Sources */,
				CEAAEBA928216DF300FFA3B9 /* VerticalLabelStyle.swift in Sources */,
				CEE9082A281FB4CA00E4EC8B /* ContentView.swift in Sources */,
				CE75468A2821047E0066917D /* WordCard.swift in Sources */,
				CEE90828281FB4CA00E4EC8B /* EnglishAppApp.swift in Sources */,
				CEAAEBB32821A55B00FFA3B9 /* KeyValueView.swift in Sources */,
				CEE9084C281FFD3900E4EC8B /* SettingsView.swift in Sources */,
				CEAAEBB62821A94100FFA3B9 /* SettingsTab.swift in Sources */,
				CEE90848281FFC3800E4EC8B /* LearningTab.swift in Sources */,
				CEAAEBAD28219DBA00FFA3B9 /* WordInfoView.swift in Sources */,
				CEAAEBA7282168F700FFA3B9 /* RepeatCard.swift in Sources */,
				CEFC7A812822A1BE0054DD9A /* WordPairRow.swift in Sources */,
				CEFC7A7F28229F1F0054DD9A /* CategoryWordsTab.swift in Sources */,
				CE7546882821028F0066917D /* RoundedRectangleButtonStyle.swift in Sources */,
				CEE9083C281FB6A900E4EC8B /* Tab.swift in Sources */,
				CEE9084A281FFC4300E4EC8B /* LearnedTab.swift in Sources */,
				CEE90840281FB89900E4EC8B /* DictionaryTab.swift in Sources */,
				CEE90843281FED7600E4EC8B /* LearningCategory.swift in Sources */,
				CE6D1069282263F8004B2769 /* DividedVStack.swift in Sources */,
				CE7066052822FB8300ACE3A5 /* ColorfulBadge.swift in Sources */,
			);
			runOnlyForDeploymentPostprocessing = 0;
		};
/* End PBXSourcesBuildPhase section */

/* Begin XCBuildConfiguration section */
		CEE90830281FB4CF00E4EC8B /* Debug */ = {
			isa = XCBuildConfiguration;
			buildSettings = {
				ALWAYS_SEARCH_USER_PATHS = NO;
				CLANG_ANALYZER_NONNULL = YES;
				CLANG_ANALYZER_NUMBER_OBJECT_CONVERSION = YES_AGGRESSIVE;
				CLANG_CXX_LANGUAGE_STANDARD = "gnu++17";
				CLANG_CXX_LIBRARY = "libc++";
				CLANG_ENABLE_MODULES = YES;
				CLANG_ENABLE_OBJC_ARC = YES;
				CLANG_ENABLE_OBJC_WEAK = YES;
				CLANG_WARN_BLOCK_CAPTURE_AUTORELEASING = YES;
				CLANG_WARN_BOOL_CONVERSION = YES;
				CLANG_WARN_COMMA = YES;
				CLANG_WARN_CONSTANT_CONVERSION = YES;
				CLANG_WARN_DEPRECATED_OBJC_IMPLEMENTATIONS = YES;
				CLANG_WARN_DIRECT_OBJC_ISA_USAGE = YES_ERROR;
				CLANG_WARN_DOCUMENTATION_COMMENTS = YES;
				CLANG_WARN_EMPTY_BODY = YES;
				CLANG_WARN_ENUM_CONVERSION = YES;
				CLANG_WARN_INFINITE_RECURSION = YES;
				CLANG_WARN_INT_CONVERSION = YES;
				CLANG_WARN_NON_LITERAL_NULL_CONVERSION = YES;
				CLANG_WARN_OBJC_IMPLICIT_RETAIN_SELF = YES;
				CLANG_WARN_OBJC_LITERAL_CONVERSION = YES;
				CLANG_WARN_OBJC_ROOT_CLASS = YES_ERROR;
				CLANG_WARN_QUOTED_INCLUDE_IN_FRAMEWORK_HEADER = YES;
				CLANG_WARN_RANGE_LOOP_ANALYSIS = YES;
				CLANG_WARN_STRICT_PROTOTYPES = YES;
				CLANG_WARN_SUSPICIOUS_MOVE = YES;
				CLANG_WARN_UNGUARDED_AVAILABILITY = YES_AGGRESSIVE;
				CLANG_WARN_UNREACHABLE_CODE = YES;
				CLANG_WARN__DUPLICATE_METHOD_MATCH = YES;
				COPY_PHASE_STRIP = NO;
				DEBUG_INFORMATION_FORMAT = dwarf;
				ENABLE_STRICT_OBJC_MSGSEND = YES;
				ENABLE_TESTABILITY = YES;
				GCC_C_LANGUAGE_STANDARD = gnu11;
				GCC_DYNAMIC_NO_PIC = NO;
				GCC_NO_COMMON_BLOCKS = YES;
				GCC_OPTIMIZATION_LEVEL = 0;
				GCC_PREPROCESSOR_DEFINITIONS = (
					"DEBUG=1",
					"$(inherited)",
				);
				GCC_WARN_64_TO_32_BIT_CONVERSION = YES;
				GCC_WARN_ABOUT_RETURN_TYPE = YES_ERROR;
				GCC_WARN_UNDECLARED_SELECTOR = YES;
				GCC_WARN_UNINITIALIZED_AUTOS = YES_AGGRESSIVE;
				GCC_WARN_UNUSED_FUNCTION = YES;
				GCC_WARN_UNUSED_VARIABLE = YES;
				IPHONEOS_DEPLOYMENT_TARGET = 15.2;
				MTL_ENABLE_DEBUG_INFO = INCLUDE_SOURCE;
				MTL_FAST_MATH = YES;
				ONLY_ACTIVE_ARCH = YES;
				SDKROOT = iphoneos;
				SWIFT_ACTIVE_COMPILATION_CONDITIONS = DEBUG;
				SWIFT_EMIT_LOC_STRINGS = NO;
				SWIFT_OPTIMIZATION_LEVEL = "-Onone";
			};
			name = Debug;
		};
		CEE90831281FB4CF00E4EC8B /* Release */ = {
			isa = XCBuildConfiguration;
			buildSettings = {
				ALWAYS_SEARCH_USER_PATHS = NO;
				CLANG_ANALYZER_NONNULL = YES;
				CLANG_ANALYZER_NUMBER_OBJECT_CONVERSION = YES_AGGRESSIVE;
				CLANG_CXX_LANGUAGE_STANDARD = "gnu++17";
				CLANG_CXX_LIBRARY = "libc++";
				CLANG_ENABLE_MODULES = YES;
				CLANG_ENABLE_OBJC_ARC = YES;
				CLANG_ENABLE_OBJC_WEAK = YES;
				CLANG_WARN_BLOCK_CAPTURE_AUTORELEASING = YES;
				CLANG_WARN_BOOL_CONVERSION = YES;
				CLANG_WARN_COMMA = YES;
				CLANG_WARN_CONSTANT_CONVERSION = YES;
				CLANG_WARN_DEPRECATED_OBJC_IMPLEMENTATIONS = YES;
				CLANG_WARN_DIRECT_OBJC_ISA_USAGE = YES_ERROR;
				CLANG_WARN_DOCUMENTATION_COMMENTS = YES;
				CLANG_WARN_EMPTY_BODY = YES;
				CLANG_WARN_ENUM_CONVERSION = YES;
				CLANG_WARN_INFINITE_RECURSION = YES;
				CLANG_WARN_INT_CONVERSION = YES;
				CLANG_WARN_NON_LITERAL_NULL_CONVERSION = YES;
				CLANG_WARN_OBJC_IMPLICIT_RETAIN_SELF = YES;
				CLANG_WARN_OBJC_LITERAL_CONVERSION = YES;
				CLANG_WARN_OBJC_ROOT_CLASS = YES_ERROR;
				CLANG_WARN_QUOTED_INCLUDE_IN_FRAMEWORK_HEADER = YES;
				CLANG_WARN_RANGE_LOOP_ANALYSIS = YES;
				CLANG_WARN_STRICT_PROTOTYPES = YES;
				CLANG_WARN_SUSPICIOUS_MOVE = YES;
				CLANG_WARN_UNGUARDED_AVAILABILITY = YES_AGGRESSIVE;
				CLANG_WARN_UNREACHABLE_CODE = YES;
				CLANG_WARN__DUPLICATE_METHOD_MATCH = YES;
				COPY_PHASE_STRIP = NO;
				DEBUG_INFORMATION_FORMAT = "dwarf-with-dsym";
				ENABLE_NS_ASSERTIONS = NO;
				ENABLE_STRICT_OBJC_MSGSEND = YES;
				GCC_C_LANGUAGE_STANDARD = gnu11;
				GCC_NO_COMMON_BLOCKS = YES;
				GCC_WARN_64_TO_32_BIT_CONVERSION = YES;
				GCC_WARN_ABOUT_RETURN_TYPE = YES_ERROR;
				GCC_WARN_UNDECLARED_SELECTOR = YES;
				GCC_WARN_UNINITIALIZED_AUTOS = YES_AGGRESSIVE;
				GCC_WARN_UNUSED_FUNCTION = YES;
				GCC_WARN_UNUSED_VARIABLE = YES;
				IPHONEOS_DEPLOYMENT_TARGET = 15.2;
				MTL_ENABLE_DEBUG_INFO = NO;
				MTL_FAST_MATH = YES;
				SDKROOT = iphoneos;
				SWIFT_COMPILATION_MODE = wholemodule;
				SWIFT_EMIT_LOC_STRINGS = NO;
				SWIFT_OPTIMIZATION_LEVEL = "-O";
				VALIDATE_PRODUCT = YES;
			};
			name = Release;
		};
		CEE90833281FB4CF00E4EC8B /* Debug */ = {
			isa = XCBuildConfiguration;
			buildSettings = {
				ASSETCATALOG_COMPILER_APPICON_NAME = AppIcon;
				ASSETCATALOG_COMPILER_GLOBAL_ACCENT_COLOR_NAME = AccentColor;
				CODE_SIGN_STYLE = Automatic;
				CURRENT_PROJECT_VERSION = 1;
				DEVELOPMENT_ASSET_PATHS = "\"EnglishApp/Preview Content\"";
				ENABLE_PREVIEWS = YES;
				GENERATE_INFOPLIST_FILE = YES;
				INFOPLIST_KEY_UIApplicationSceneManifest_Generation = YES;
				INFOPLIST_KEY_UIApplicationSupportsIndirectInputEvents = YES;
				INFOPLIST_KEY_UILaunchScreen_Generation = YES;
				INFOPLIST_KEY_UISupportedInterfaceOrientations_iPad = "UIInterfaceOrientationPortrait UIInterfaceOrientationPortraitUpsideDown UIInterfaceOrientationLandscapeLeft UIInterfaceOrientationLandscapeRight";
				INFOPLIST_KEY_UISupportedInterfaceOrientations_iPhone = "UIInterfaceOrientationPortrait UIInterfaceOrientationLandscapeLeft UIInterfaceOrientationLandscapeRight";
				LD_RUNPATH_SEARCH_PATHS = (
					"$(inherited)",
					"@executable_path/Frameworks",
				);
				MARKETING_VERSION = 1.0;
				PRODUCT_BUNDLE_IDENTIFIER = com.wingsmight.EnglishApp;
				PRODUCT_NAME = "$(TARGET_NAME)";
				SWIFT_EMIT_LOC_STRINGS = YES;
				SWIFT_VERSION = 5.0;
				TARGETED_DEVICE_FAMILY = "1,2";
			};
			name = Debug;
		};
		CEE90834281FB4CF00E4EC8B /* Release */ = {
			isa = XCBuildConfiguration;
			buildSettings = {
				ASSETCATALOG_COMPILER_APPICON_NAME = AppIcon;
				ASSETCATALOG_COMPILER_GLOBAL_ACCENT_COLOR_NAME = AccentColor;
				CODE_SIGN_STYLE = Automatic;
				CURRENT_PROJECT_VERSION = 1;
				DEVELOPMENT_ASSET_PATHS = "\"EnglishApp/Preview Content\"";
				ENABLE_PREVIEWS = YES;
				GENERATE_INFOPLIST_FILE = YES;
				INFOPLIST_KEY_UIApplicationSceneManifest_Generation = YES;
				INFOPLIST_KEY_UIApplicationSupportsIndirectInputEvents = YES;
				INFOPLIST_KEY_UILaunchScreen_Generation = YES;
				INFOPLIST_KEY_UISupportedInterfaceOrientations_iPad = "UIInterfaceOrientationPortrait UIInterfaceOrientationPortraitUpsideDown UIInterfaceOrientationLandscapeLeft UIInterfaceOrientationLandscapeRight";
				INFOPLIST_KEY_UISupportedInterfaceOrientations_iPhone = "UIInterfaceOrientationPortrait UIInterfaceOrientationLandscapeLeft UIInterfaceOrientationLandscapeRight";
				LD_RUNPATH_SEARCH_PATHS = (
					"$(inherited)",
					"@executable_path/Frameworks",
				);
				MARKETING_VERSION = 1.0;
				PRODUCT_BUNDLE_IDENTIFIER = com.wingsmight.EnglishApp;
				PRODUCT_NAME = "$(TARGET_NAME)";
				SWIFT_EMIT_LOC_STRINGS = YES;
				SWIFT_VERSION = 5.0;
				TARGETED_DEVICE_FAMILY = "1,2";
			};
			name = Release;
		};
/* End XCBuildConfiguration section */

/* Begin XCConfigurationList section */
		CEE9081F281FB4CA00E4EC8B /* Build configuration list for PBXProject "EnglishApp" */ = {
			isa = XCConfigurationList;
			buildConfigurations = (
				CEE90830281FB4CF00E4EC8B /* Debug */,
				CEE90831281FB4CF00E4EC8B /* Release */,
			);
			defaultConfigurationIsVisible = 0;
			defaultConfigurationName = Release;
		};
		CEE90832281FB4CF00E4EC8B /* Build configuration list for PBXNativeTarget "EnglishApp" */ = {
			isa = XCConfigurationList;
			buildConfigurations = (
				CEE90833281FB4CF00E4EC8B /* Debug */,
				CEE90834281FB4CF00E4EC8B /* Release */,
			);
			defaultConfigurationIsVisible = 0;
			defaultConfigurationName = Release;
		};
/* End XCConfigurationList section */

/* Begin XCRemoteSwiftPackageReference section */
		CE6D106528226370004B2769 /* XCRemoteSwiftPackageReference "ViewExtractor" */ = {
			isa = XCRemoteSwiftPackageReference;
			repositoryURL = "https://github.com/GeorgeElsham/ViewExtractor";
			requirement = {
				kind = upToNextMajorVersion;
				minimumVersion = 1.0.0;
			};
		};
		CEC2CC0B282132D800824926 /* XCRemoteSwiftPackageReference "WrappingHStack" */ = {
			isa = XCRemoteSwiftPackageReference;
			repositoryURL = "https://github.com/dkk/WrappingHStack";
			requirement = {
				kind = upToNextMajorVersion;
				minimumVersion = 2.0.0;
			};
		};
/* End XCRemoteSwiftPackageReference section */

/* Begin XCSwiftPackageProductDependency section */
		CE6D106628226370004B2769 /* ViewExtractor */ = {
			isa = XCSwiftPackageProductDependency;
			package = CE6D106528226370004B2769 /* XCRemoteSwiftPackageReference "ViewExtractor" */;
			productName = ViewExtractor;
		};
		CEC2CC0C282132D800824926 /* WrappingHStack */ = {
			isa = XCSwiftPackageProductDependency;
			package = CEC2CC0B282132D800824926 /* XCRemoteSwiftPackageReference "WrappingHStack" */;
			productName = WrappingHStack;
		};
/* End XCSwiftPackageProductDependency section */
	};
	rootObject = CEE9081C281FB4CA00E4EC8B /* Project object */;
}
